// !$*UTF8*$!
{
	archiveVersion = 1;
	classes = {
	};
	objectVersion = 56;
	objects = {

/* Begin PBXBuildFile section */
		481E3CDE2FEB33EE0029580E /* StitchCounterApp.swift in Sources */ = {isa = PBXBuildFile; fileRef = 481E3CDD2FEB33EE0029580E /* StitchCounterApp.swift */; };
		481E3CE02FEB33EE0029580E /* ContentView.swift in Sources */ = {isa = PBXBuildFile; fileRef = 481E3CDF2FEB33EE0029580E /* ContentView.swift */; };
		481E3CE22FEB33F10029580E /* Assets.xcassets in Resources */ = {isa = PBXBuildFile; fileRef = 481E3CE12FEB33F10029580E /* Assets.xcassets */; };
		481E3CE52FEB33F10029580E /* Preview Assets.xcassets in Resources */ = {isa = PBXBuildFile; fileRef = 481E3CE42FEB33F10029580E /* Preview Assets.xcassets */; };
		481E3CEF2FEB33F10029580E /* StitchCounterTests.swift in Sources */ = {isa = PBXBuildFile; fileRef = 481E3CEE2FEB33F10029580E /* StitchCounterTests.swift */; };
		481E3CF92FEB33F10029580E /* StitchCounterUITests.swift in Sources */ = {isa = PBXBuildFile; fileRef = 481E3CF82FEB33F10029580E /* StitchCounterUITests.swift */; };
		481E3CFB2FEB33F10029580E /* StitchCounterUITestsLaunchTests.swift in Sources */ = {isa = PBXBuildFile; fileRef = 481E3CFA2FEB33F10029580E /* StitchCounterUITestsLaunchTests.swift */; };
		48C0AD012FEC0100002958AA /* ScreenshotTests.swift in Sources */ = {isa = PBXBuildFile; fileRef = 48C0AA042FEC0100002958AA /* ScreenshotTests.swift */; };
		48B100022FEBF0000029580E /* StitchProject.swift in Sources */ = {isa = PBXBuildFile; fileRef = 48B100012FEBF0000029580E /* StitchProject.swift */; };
		48B100042FEBF0000029580E /* ProjectStore.swift in Sources */ = {isa = PBXBuildFile; fileRef = 48B100032FEBF0000029580E /* ProjectStore.swift */; };
		48B100062FEBF0000029580E /* ProjectListView.swift in Sources */ = {isa = PBXBuildFile; fileRef = 48B100052FEBF0000029580E /* ProjectListView.swift */; };
		48B100082FEBF0000029580E /* ProjectDetailView.swift in Sources */ = {isa = PBXBuildFile; fileRef = 48B100072FEBF0000029580E /* ProjectDetailView.swift */; };
		48E6CEF02FEB8853008A3CC6 /* Stitch_CounterApp.swift in Sources */ = {isa = PBXBuildFile; fileRef = 48E6CEEB2FEB8853008A3CC6 /* Stitch_CounterApp.swift */; };
		48E6CEF12FEB8853008A3CC6 /* ContentView.swift in Sources */ = {isa = PBXBuildFile; fileRef = 48E6CEEC2FEB8853008A3CC6 /* ContentView.swift */; };
		48E6CEF22FEB8853008A3CC6 /* Assets.xcassets in Resources */ = {isa = PBXBuildFile; fileRef = 48E6CEED2FEB8853008A3CC6 /* Assets.xcassets */; };
		48E6CF032FEB8853008A3CC6 /* StitchCounterWatchApp.app in Embed Watch Content */ = {isa = PBXBuildFile; fileRef = 48E6CEF92FEB8853008A3CC6 /* StitchCounterWatchApp.app */; settings = {ATTRIBUTES = (RemoveHeadersOnCopy, ); }; };
		48C0AB012FEC0100002958AA /* ProjectSync.swift in Sources */ = {isa = PBXBuildFile; fileRef = 48C0AA012FEC0100002958AA /* ProjectSync.swift */; };
		48C0AB032FEC0100002958AA /* Haptics.swift in Sources */ = {isa = PBXBuildFile; fileRef = 48C0AA032FEC0100002958AA /* Haptics.swift */; };
		48C0AB042FEC0100002958AA /* StitchColors.swift in Sources */ = {isa = PBXBuildFile; fileRef = 48C0AA052FEC0100002958AA /* StitchColors.swift */; };
		48C0AC052FEC0100002958AA /* StitchColors.swift in Sources */ = {isa = PBXBuildFile; fileRef = 48C0AA052FEC0100002958AA /* StitchColors.swift */; };
		48C0AB022FEC0100002958AA /* WatchSyncService.swift in Sources */ = {isa = PBXBuildFile; fileRef = 48C0AA022FEC0100002958AA /* WatchSyncService.swift */; };
		48C0AC012FEC0100002958AA /* StitchProject.swift in Sources */ = {isa = PBXBuildFile; fileRef = 48B100012FEBF0000029580E /* StitchProject.swift */; };
		48C0AC022FEC0100002958AA /* ProjectStore.swift in Sources */ = {isa = PBXBuildFile; fileRef = 48B100032FEBF0000029580E /* ProjectStore.swift */; };
		48C0AC032FEC0100002958AA /* ProjectSync.swift in Sources */ = {isa = PBXBuildFile; fileRef = 48C0AA012FEC0100002958AA /* ProjectSync.swift */; };
		48C0AC042FEC0100002958AA /* WatchSyncService.swift in Sources */ = {isa = PBXBuildFile; fileRef = 48C0AA022FEC0100002958AA /* WatchSyncService.swift */; };
/* End PBXBuildFile section */

/* Begin PBXContainerItemProxy section */
		481E3CEB2FEB33F10029580E /* PBXContainerItemProxy */ = {
			isa = PBXContainerItemProxy;
			containerPortal = 481E3CD22FEB33EE0029580E /* Project object */;
			proxyType = 1;
			remoteGlobalIDString = 481E3CD92FEB33EE0029580E;
			remoteInfo = StitchCounter;
		};
		481E3CF52FEB33F10029580E /* PBXContainerItemProxy */ = {
			isa = PBXContainerItemProxy;
			containerPortal = 481E3CD22FEB33EE0029580E /* Project object */;
			proxyType = 1;
			remoteGlobalIDString = 481E3CD92FEB33EE0029580E;
			remoteInfo = StitchCounter;
		};
		48E6CF012FEB8853008A3CC6 /* PBXContainerItemProxy */ = {
			isa = PBXContainerItemProxy;
			containerPortal = 481E3CD22FEB33EE0029580E /* Project object */;
			proxyType = 1;
			remoteGlobalIDString = 48E6CEF82FEB8853008A3CC6;
			remoteInfo = StitchCounterWatchApp;
		};
/* End PBXContainerItemProxy section */

/* Begin PBXCopyFilesBuildPhase section */
		48A0000E2FEB50000029580E /* Embed Watch Content */ = {
			isa = PBXCopyFilesBuildPhase;
			buildActionMask = 2147483647;
			dstPath = "$(CONTENTS_FOLDER_PATH)/Watch";
			dstSubfolderSpec = 16;
			files = (
				48E6CF032FEB8853008A3CC6 /* StitchCounterWatchApp.app in Embed Watch Content */,
			);
			name = "Embed Watch Content";
			runOnlyForDeploymentPostprocessing = 0;
		};
/* End PBXCopyFilesBuildPhase section */

/* Begin PBXFileReference section */
		481E3CDA2FEB33EE0029580E /* StitchCounter.app */ = {isa = PBXFileReference; explicitFileType = wrapper.application; includeInIndex = 0; path = StitchCounter.app; sourceTree = BUILT_PRODUCTS_DIR; };
		481E3CDD2FEB33EE0029580E /* StitchCounterApp.swift */ = {isa = PBXFileReference; lastKnownFileType = sourcecode.swift; path = StitchCounterApp.swift; sourceTree = "<group>"; };
		481E3CDF2FEB33EE0029580E /* ContentView.swift */ = {isa = PBXFileReference; lastKnownFileType = sourcecode.swift; path = ContentView.swift; sourceTree = "<group>"; };
		481E3CE12FEB33F10029580E /* Assets.xcassets */ = {isa = PBXFileReference; lastKnownFileType = folder.assetcatalog; path = Assets.xcassets; sourceTree = "<group>"; };
		481E3CE42FEB33F10029580E /* Preview Assets.xcassets */ = {isa = PBXFileReference; lastKnownFileType = folder.assetcatalog; path = "Preview Assets.xcassets"; sourceTree = "<group>"; };
		481E3CEA2FEB33F10029580E /* StitchCounterTests.xctest */ = {isa = PBXFileReference; explicitFileType = wrapper.cfbundle; includeInIndex = 0; path = StitchCounterTests.xctest; sourceTree = BUILT_PRODUCTS_DIR; };
		481E3CEE2FEB33F10029580E /* StitchCounterTests.swift */ = {isa = PBXFileReference; lastKnownFileType = sourcecode.swift; path = StitchCounterTests.swift; sourceTree = "<group>"; };
		481E3CF42FEB33F10029580E /* StitchCounterUITests.xctest */ = {isa = PBXFileReference; explicitFileType = wrapper.cfbundle; includeInIndex = 0; path = StitchCounterUITests.xctest; sourceTree = BUILT_PRODUCTS_DIR; };
		481E3CF82FEB33F10029580E /* StitchCounterUITests.swift */ = {isa = PBXFileReference; lastKnownFileType = sourcecode.swift; path = StitchCounterUITests.swift; sourceTree = "<group>"; };
		481E3CFA2FEB33F10029580E /* StitchCounterUITestsLaunchTests.swift */ = {isa = PBXFileReference; lastKnownFileType = sourcecode.swift; path = StitchCounterUITestsLaunchTests.swift; sourceTree = "<group>"; };
		48B100012FEBF0000029580E /* StitchProject.swift */ = {isa = PBXFileReference; lastKnownFileType = sourcecode.swift; path = StitchProject.swift; sourceTree = "<group>"; };
		48B100032FEBF0000029580E /* ProjectStore.swift */ = {isa = PBXFileReference; lastKnownFileType = sourcecode.swift; path = ProjectStore.swift; sourceTree = "<group>"; };
		48B100052FEBF0000029580E /* ProjectListView.swift */ = {isa = PBXFileReference; lastKnownFileType = sourcecode.swift; path = ProjectListView.swift; sourceTree = "<group>"; };
		48B100072FEBF0000029580E /* ProjectDetailView.swift */ = {isa = PBXFileReference; lastKnownFileType = sourcecode.swift; path = ProjectDetailView.swift; sourceTree = "<group>"; };
		48E6CEEB2FEB8853008A3CC6 /* Stitch_CounterApp.swift */ = {isa = PBXFileReference; lastKnownFileType = sourcecode.swift; path = Stitch_CounterApp.swift; sourceTree = "<group>"; };
		48E6CEEC2FEB8853008A3CC6 /* ContentView.swift */ = {isa = PBXFileReference; lastKnownFileType = sourcecode.swift; path = ContentView.swift; sourceTree = "<group>"; };
		48E6CEED2FEB8853008A3CC6 /* Assets.xcassets */ = {isa = PBXFileReference; lastKnownFileType = folder.assetcatalog; path = Assets.xcassets; sourceTree = "<group>"; };
		48E6CEF92FEB8853008A3CC6 /* StitchCounterWatchApp.app */ = {isa = PBXFileReference; explicitFileType = wrapper.application; includeInIndex = 0; path = StitchCounterWatchApp.app; sourceTree = BUILT_PRODUCTS_DIR; };
		48C0AA012FEC0100002958AA /* ProjectSync.swift */ = {isa = PBXFileReference; lastKnownFileType = sourcecode.swift; path = ProjectSync.swift; sourceTree = "<group>"; };
		48C0AA022FEC0100002958AA /* WatchSyncService.swift */ = {isa = PBXFileReference; lastKnownFileType = sourcecode.swift; path = WatchSyncService.swift; sourceTree = "<group>"; };
		48C0AA032FEC0100002958AA /* Haptics.swift */ = {isa = PBXFileReference; lastKnownFileType = sourcecode.swift; path = Haptics.swift; sourceTree = "<group>"; };
		48C0AA042FEC0100002958AA /* ScreenshotTests.swift */ = {isa = PBXFileReference; lastKnownFileType = sourcecode.swift; path = ScreenshotTests.swift; sourceTree = "<group>"; };
		48C0AA052FEC0100002958AA /* StitchColors.swift */ = {isa = PBXFileReference; lastKnownFileType = sourcecode.swift; path = StitchColors.swift; sourceTree = "<group>"; };
/* End PBXFileReference section */

/* Begin PBXFrameworksBuildPhase section */
		481E3CD72FEB33EE0029580E /* Frameworks */ = {
			isa = PBXFrameworksBuildPhase;
			buildActionMask = 2147483647;
			files = (
			);
			runOnlyForDeploymentPostprocessing = 0;
		};
		481E3CE72FEB33F10029580E /* Frameworks */ = {
			isa = PBXFrameworksBuildPhase;
			buildActionMask = 2147483647;
			files = (
			);
			runOnlyForDeploymentPostprocessing = 0;
		};
		481E3CF12FEB33F10029580E /* Frameworks */ = {
			isa = PBXFrameworksBuildPhase;
			buildActionMask = 2147483647;
			files = (
			);
			runOnlyForDeploymentPostprocessing = 0;
		};
		48E6CEF62FEB8853008A3CC6 /* Frameworks */ = {
			isa = PBXFrameworksBuildPhase;
			buildActionMask = 2147483647;
			files = (
			);
			runOnlyForDeploymentPostprocessing = 0;
		};
/* End PBXFrameworksBuildPhase section */

/* Begin PBXGroup section */
		481E3CD12FEB33EE0029580E = {
			isa = PBXGroup;
			children = (
				48C0AA002FEC0100002958AA /* Shared */,
				481E3CDC2FEB33EE0029580E /* StitchCounter */,
				481E3CED2FEB33F10029580E /* StitchCounterTests */,
				481E3CF72FEB33F10029580E /* StitchCounterUITests */,
				48E6CEFA2FEB8853008A3CC6 /* StitchCounterWatchApp */,
				481E3CDB2FEB33EE0029580E /* Products */,
			);
			sourceTree = "<group>";
		};
		481E3CDB2FEB33EE0029580E /* Products */ = {
			isa = PBXGroup;
			children = (
				481E3CDA2FEB33EE0029580E /* StitchCounter.app */,
				481E3CEA2FEB33F10029580E /* StitchCounterTests.xctest */,
				481E3CF42FEB33F10029580E /* StitchCounterUITests.xctest */,
				48E6CEF92FEB8853008A3CC6 /* StitchCounterWatchApp.app */,
			);
			name = Products;
			sourceTree = "<group>";
		};
		481E3CDC2FEB33EE0029580E /* StitchCounter */ = {
			isa = PBXGroup;
			children = (
				481E3CDD2FEB33EE0029580E /* StitchCounterApp.swift */,
				481E3CDF2FEB33EE0029580E /* ContentView.swift */,
				48B100052FEBF0000029580E /* ProjectListView.swift */,
				48B100072FEBF0000029580E /* ProjectDetailView.swift */,
				48C0AA032FEC0100002958AA /* Haptics.swift */,
				481E3CE12FEB33F10029580E /* Assets.xcassets */,
				481E3CE32FEB33F10029580E /* Preview Content */,
			);
			path = StitchCounter;
			sourceTree = "<group>";
		};
		48C0AA002FEC0100002958AA /* Shared */ = {
			isa = PBXGroup;
			children = (
				48B100012FEBF0000029580E /* StitchProject.swift */,
				48B100032FEBF0000029580E /* ProjectStore.swift */,
				48C0AA012FEC0100002958AA /* ProjectSync.swift */,
				48C0AA022FEC0100002958AA /* WatchSyncService.swift */,
				48C0AA052FEC0100002958AA /* StitchColors.swift */,
			);
			path = Shared;
			sourceTree = "<group>";
		};
		481E3CE32FEB33F10029580E /* Preview Content */ = {
			isa = PBXGroup;
			children = (
				481E3CE42FEB33F10029580E /* Preview Assets.xcassets */,
			);
			path = "Preview Content";
			sourceTree = "<group>";
		};
		481E3CED2FEB33F10029580E /* StitchCounterTests */ = {
			isa = PBXGroup;
			children = (
				481E3CEE2FEB33F10029580E /* StitchCounterTests.swift */,
			);
			path = StitchCounterTests;
			sourceTree = "<group>";
		};
		481E3CF72FEB33F10029580E /* StitchCounterUITests */ = {
			isa = PBXGroup;
			children = (
				481E3CF82FEB33F10029580E /* StitchCounterUITests.swift */,
				481E3CFA2FEB33F10029580E /* StitchCounterUITestsLaunchTests.swift */,
				48C0AA042FEC0100002958AA /* ScreenshotTests.swift */,
			);
			path = StitchCounterUITests;
			sourceTree = "<group>";
		};
		48E6CEFA2FEB8853008A3CC6 /* StitchCounterWatchApp */ = {
			isa = PBXGroup;
			children = (
				48E6CEEB2FEB8853008A3CC6 /* Stitch_CounterApp.swift */,
				48E6CEEC2FEB8853008A3CC6 /* ContentView.swift */,
				48E6CEED2FEB8853008A3CC6 /* Assets.xcassets */,
			);
			path = StitchCounterWatchApp;
			sourceTree = "<group>";
		};
/* End PBXGroup section */

/* Begin PBXNativeTarget section */
		481E3CD92FEB33EE0029580E /* StitchCounter */ = {
			isa = PBXNativeTarget;
			buildConfigurationList = 481E3CFE2FEB33F10029580E /* Build configuration list for PBXNativeTarget "StitchCounter" */;
			buildPhases = (
				481E3CD62FEB33EE0029580E /* Sources */,
				481E3CD72FEB33EE0029580E /* Frameworks */,
				481E3CD82FEB33EE0029580E /* Resources */,
				48A0000E2FEB50000029580E /* Embed Watch Content */,
			);
			buildRules = (
			);
			dependencies = (
				48E6CF022FEB8853008A3CC6 /* PBXTargetDependency */,
			);
			name = StitchCounter;
			productName = StitchCounter;
			productReference = 481E3CDA2FEB33EE0029580E /* StitchCounter.app */;
			productType = "com.apple.product-type.application";
		};
		481E3CE92FEB33F10029580E /* StitchCounterTests */ = {
			isa = PBXNativeTarget;
			buildConfigurationList = 481E3D012FEB33F10029580E /* Build configuration list for PBXNativeTarget "StitchCounterTests" */;
			buildPhases = (
				481E3CE62FEB33F10029580E /* Sources */,
				481E3CE72FEB33F10029580E /* Frameworks */,
				481E3CE82FEB33F10029580E /* Resources */,
			);
			buildRules = (
			);
			dependencies = (
				481E3CEC2FEB33F10029580E /* PBXTargetDependency */,
			);
			name = StitchCounterTests;
			productName = StitchCounterTests;
			productReference = 481E3CEA2FEB33F10029580E /* StitchCounterTests.xctest */;
			productType = "com.apple.product-type.bundle.unit-test";
		};
		481E3CF32FEB33F10029580E /* StitchCounterUITests */ = {
			isa = PBXNativeTarget;
			buildConfigurationList = 481E3D042FEB33F10029580E /* Build configuration list for PBXNativeTarget "StitchCounterUITests" */;
			buildPhases = (
				481E3CF02FEB33F10029580E /* Sources */,
				481E3CF12FEB33F10029580E /* Frameworks */,
				481E3CF22FEB33F10029580E /* Resources */,
			);
			buildRules = (
			);
			dependencies = (
				481E3CF62FEB33F10029580E /* PBXTargetDependency */,
			);
			name = StitchCounterUITests;
			productName = StitchCounterUITests;
			productReference = 481E3CF42FEB33F10029580E /* StitchCounterUITests.xctest */;
			productType = "com.apple.product-type.bundle.ui-testing";
		};
		48E6CEF82FEB8853008A3CC6 /* StitchCounterWatchApp */ = {
			isa = PBXNativeTarget;
			buildConfigurationList = 48E6CF042FEB8853008A3CC6 /* Build configuration list for PBXNativeTarget "StitchCounterWatchApp" */;
			buildPhases = (
				48E6CEF52FEB8853008A3CC6 /* Sources */,
				48E6CEF62FEB8853008A3CC6 /* Frameworks */,
				48E6CEF72FEB8853008A3CC6 /* Resources */,
			);
			buildRules = (
			);
			dependencies = (
			);
			name = StitchCounterWatchApp;
			packageProductDependencies = (
			);
			productName = StitchCounterWatchApp;
			productReference = 48E6CEF92FEB8853008A3CC6 /* StitchCounterWatchApp.app */;
			productType = "com.apple.product-type.application";
		};
/* End PBXNativeTarget section */

/* Begin PBXProject section */
		481E3CD22FEB33EE0029580E /* Project object */ = {
			isa = PBXProject;
			attributes = {
				BuildIndependentTargetsInParallel = 1;
				LastSwiftUpdateCheck = 2650;
				LastUpgradeCheck = 2650;
				TargetAttributes = {
					481E3CD92FEB33EE0029580E = {
						CreatedOnToolsVersion = 14.2;
					};
					481E3CE92FEB33F10029580E = {
						CreatedOnToolsVersion = 14.2;
						TestTargetID = 481E3CD92FEB33EE0029580E;
					};
					481E3CF32FEB33F10029580E = {
						CreatedOnToolsVersion = 14.2;
						TestTargetID = 481E3CD92FEB33EE0029580E;
					};
					48E6CEF82FEB8853008A3CC6 = {
						CreatedOnToolsVersion = 26.5;
					};
				};
			};
			buildConfigurationList = 481E3CD52FEB33EE0029580E /* Build configuration list for PBXProject "StitchCounter" */;
			compatibilityVersion = "Xcode 14.0";
			developmentRegion = en;
			hasScannedForEncodings = 0;
			knownRegions = (
				en,
				Base,
			);
			mainGroup = 481E3CD12FEB33EE0029580E;
			packageReferences = (
			);
			productRefGroup = 481E3CDB2FEB33EE0029580E /* Products */;
			projectDirPath = "";
			projectRoot = "";
			targets = (
				481E3CD92FEB33EE0029580E /* StitchCounter */,
				481E3CE92FEB33F10029580E /* StitchCounterTests */,
				481E3CF32FEB33F10029580E /* StitchCounterUITests */,
				48E6CEF82FEB8853008A3CC6 /* StitchCounterWatchApp */,
			);
		};
/* End PBXProject section */

/* Begin PBXResourcesBuildPhase section */
		481E3CD82FEB33EE0029580E /* Resources */ = {
			isa = PBXResourcesBuildPhase;
			buildActionMask = 2147483647;
			files = (
				481E3CE52FEB33F10029580E /* Preview Assets.xcassets in Resources */,
				481E3CE22FEB33F10029580E /* Assets.xcassets in Resources */,
			);
			runOnlyForDeploymentPostprocessing = 0;
		};
		481E3CE82FEB33F10029580E /* Resources */ = {
			isa = PBXResourcesBuildPhase;
			buildActionMask = 2147483647;
			files = (
			);
			runOnlyForDeploymentPostprocessing = 0;
		};
		481E3CF22FEB33F10029580E /* Resources */ = {
			isa = PBXResourcesBuildPhase;
			buildActionMask = 2147483647;
			files = (
			);
			runOnlyForDeploymentPostprocessing = 0;
		};
		48E6CEF72FEB8853008A3CC6 /* Resources */ = {
			isa = PBXResourcesBuildPhase;
			buildActionMask = 2147483647;
			files = (
				48E6CEF22FEB8853008A3CC6 /* Assets.xcassets in Resources */,
			);
			runOnlyForDeploymentPostprocessing = 0;
		};
/* End PBXResourcesBuildPhase section */

/* Begin PBXSourcesBuildPhase section */
		481E3CD62FEB33EE0029580E /* Sources */ = {
			isa = PBXSourcesBuildPhase;
			buildActionMask = 2147483647;
			files = (
				48B100082FEBF0000029580E /* ProjectDetailView.swift in Sources */,
				48B100042FEBF0000029580E /* ProjectStore.swift in Sources */,
				481E3CE02FEB33EE0029580E /* ContentView.swift in Sources */,
				48B100062FEBF0000029580E /* ProjectListView.swift in Sources */,
				481E3CDE2FEB33EE0029580E /* StitchCounterApp.swift in Sources */,
				48B100022FEBF0000029580E /* StitchProject.swift in Sources */,
				48C0AB012FEC0100002958AA /* ProjectSync.swift in Sources */,
				48C0AB022FEC0100002958AA /* WatchSyncService.swift in Sources */,
				48C0AB032FEC0100002958AA /* Haptics.swift in Sources */,
				48C0AB042FEC0100002958AA /* StitchColors.swift in Sources */,
			);
			runOnlyForDeploymentPostprocessing = 0;
		};
		481E3CE62FEB33F10029580E /* Sources */ = {
			isa = PBXSourcesBuildPhase;
			buildActionMask = 2147483647;
			files = (
				481E3CEF2FEB33F10029580E /* StitchCounterTests.swift in Sources */,
			);
			runOnlyForDeploymentPostprocessing = 0;
		};
		481E3CF02FEB33F10029580E /* Sources */ = {
			isa = PBXSourcesBuildPhase;
			buildActionMask = 2147483647;
			files = (
				481E3CFB2FEB33F10029580E /* StitchCounterUITestsLaunchTests.swift in Sources */,
				481E3CF92FEB33F10029580E /* StitchCounterUITests.swift in Sources */,
				48C0AD012FEC0100002958AA /* ScreenshotTests.swift in Sources */,
			);
			runOnlyForDeploymentPostprocessing = 0;
		};
		48E6CEF52FEB8853008A3CC6 /* Sources */ = {
			isa = PBXSourcesBuildPhase;
			buildActionMask = 2147483647;
			files = (
				48E6CEF12FEB8853008A3CC6 /* ContentView.swift in Sources */,
				48E6CEF02FEB8853008A3CC6 /* Stitch_CounterApp.swift in Sources */,
				48C0AC012FEC0100002958AA /* StitchProject.swift in Sources */,
				48C0AC022FEC0100002958AA /* ProjectStore.swift in Sources */,
				48C0AC032FEC0100002958AA /* ProjectSync.swift in Sources */,
				48C0AC042FEC0100002958AA /* WatchSyncService.swift in Sources */,
				48C0AC052FEC0100002958AA /* StitchColors.swift in Sources */,
			);
			runOnlyForDeploymentPostprocessing = 0;
		};
/* End PBXSourcesBuildPhase section */

/* Begin PBXTargetDependency section */
		481E3CEC2FEB33F10029580E /* PBXTargetDependency */ = {
			isa = PBXTargetDependency;
			target = 481E3CD92FEB33EE0029580E /* StitchCounter */;
			targetProxy = 481E3CEB2FEB33F10029580E /* PBXContainerItemProxy */;
		};
		481E3CF62FEB33F10029580E /* PBXTargetDependency */ = {
			isa = PBXTargetDependency;
			target = 481E3CD92FEB33EE0029580E /* StitchCounter */;
			targetProxy = 481E3CF52FEB33F10029580E /* PBXContainerItemProxy */;
		};
		48E6CF022FEB8853008A3CC6 /* PBXTargetDependency */ = {
			isa = PBXTargetDependency;
			target = 48E6CEF82FEB8853008A3CC6 /* StitchCounterWatchApp */;
			targetProxy = 48E6CF012FEB8853008A3CC6 /* PBXContainerItemProxy */;
		};
/* End PBXTargetDependency section */

/* Begin XCBuildConfiguration section */
		481E3CFC2FEB33F10029580E /* Debug */ = {
			isa = XCBuildConfiguration;
			buildSettings = {
				ALWAYS_SEARCH_USER_PATHS = NO;
				CLANG_ANALYZER_NONNULL = YES;
				CLANG_ANALYZER_NUMBER_OBJECT_CONVERSION = YES_AGGRESSIVE;
				CLANG_CXX_LANGUAGE_STANDARD = "gnu++20";
				CLANG_ENABLE_MODULES = YES;
				CLANG_ENABLE_OBJC_ARC = YES;
				CLANG_ENABLE_OBJC_WEAK = YES;
				CLANG_WARN_BLOCK_CAPTURE_AUTORELEASING = YES;
				CLANG_WARN_BOOL_CONVERSION = YES;
				CLANG_WARN_COMMA = YES;
				CLANG_WARN_CONSTANT_CONVERSION = YES;
				CLANG_WARN_DEPRECATED_OBJC_IMPLEMENTATIONS = YES;
				CLANG_WARN_DIRECT_OBJC_ISA_USAGE = YES_ERROR;
				CLANG_WARN_DOCUMENTATION_COMMENTS = YES;
				CLANG_WARN_EMPTY_BODY = YES;
				CLANG_WARN_ENUM_CONVERSION = YES;
				CLANG_WARN_INFINITE_RECURSION = YES;
				CLANG_WARN_INT_CONVERSION = YES;
				CLANG_WARN_NON_LITERAL_NULL_CONVERSION = YES;
				CLANG_WARN_OBJC_IMPLICIT_RETAIN_SELF = YES;
				CLANG_WARN_OBJC_LITERAL_CONVERSION = YES;
				CLANG_WARN_OBJC_ROOT_CLASS = YES_ERROR;
				CLANG_WARN_QUOTED_INCLUDE_IN_FRAMEWORK_HEADER = YES;
				CLANG_WARN_RANGE_LOOP_ANALYSIS = YES;
				CLANG_WARN_STRICT_PROTOTYPES = YES;
				CLANG_WARN_SUSPICIOUS_MOVE = YES;
				CLANG_WARN_UNGUARDED_AVAILABILITY = YES_AGGRESSIVE;
				CLANG_WARN_UNREACHABLE_CODE = YES;
				CLANG_WARN__DUPLICATE_METHOD_MATCH = YES;
				COPY_PHASE_STRIP = NO;
				DEBUG_INFORMATION_FORMAT = dwarf;
				DEVELOPMENT_TEAM = 3YAFLBZLJM;
				ENABLE_STRICT_OBJC_MSGSEND = YES;
				ENABLE_TESTABILITY = YES;
				ENABLE_USER_SCRIPT_SANDBOXING = YES;
				GCC_C_LANGUAGE_STANDARD = gnu11;
				GCC_DYNAMIC_NO_PIC = NO;
				GCC_NO_COMMON_BLOCKS = YES;
				GCC_OPTIMIZATION_LEVEL = 0;
				GCC_PREPROCESSOR_DEFINITIONS = (
					"DEBUG=1",
					"$(inherited)",
				);
				GCC_WARN_64_TO_32_BIT_CONVERSION = YES;
				GCC_WARN_ABOUT_RETURN_TYPE = YES_ERROR;
				GCC_WARN_UNDECLARED_SELECTOR = YES;
				GCC_WARN_UNINITIALIZED_AUTOS = YES_AGGRESSIVE;
				GCC_WARN_UNUSED_FUNCTION = YES;
				GCC_WARN_UNUSED_VARIABLE = YES;
				IPHONEOS_DEPLOYMENT_TARGET = 16.2;
				MTL_ENABLE_DEBUG_INFO = INCLUDE_SOURCE;
				MTL_FAST_MATH = YES;
				ONLY_ACTIVE_ARCH = YES;
				SDKROOT = iphoneos;
				STRING_CATALOG_GENERATE_SYMBOLS = YES;
				SWIFT_ACTIVE_COMPILATION_CONDITIONS = DEBUG;
				SWIFT_OPTIMIZATION_LEVEL = "-Onone";
			};
			name = Debug;
		};
		481E3CFD2FEB33F10029580E /* Release */ = {
			isa = XCBuildConfiguration;
			buildSettings = {
				ALWAYS_SEARCH_USER_PATHS = NO;
				CLANG_ANALYZER_NONNULL = YES;
				CLANG_ANALYZER_NUMBER_OBJECT_CONVERSION = YES_AGGRESSIVE;
				CLANG_CXX_LANGUAGE_STANDARD = "gnu++20";
				CLANG_ENABLE_MODULES = YES;
				CLANG_ENABLE_OBJC_ARC = YES;
				CLANG_ENABLE_OBJC_WEAK = YES;
				CLANG_WARN_BLOCK_CAPTURE_AUTORELEASING = YES;
				CLANG_WARN_BOOL_CONVERSION = YES;
				CLANG_WARN_COMMA = YES;
				CLANG_WARN_CONSTANT_CONVERSION = YES;
				CLANG_WARN_DEPRECATED_OBJC_IMPLEMENTATIONS = YES;
				CLANG_WARN_DIRECT_OBJC_ISA_USAGE = YES_ERROR;
				CLANG_WARN_DOCUMENTATION_COMMENTS = YES;
				CLANG_WARN_EMPTY_BODY = YES;
				CLANG_WARN_ENUM_CONVERSION = YES;
				CLANG_WARN_INFINITE_RECURSION = YES;
				CLANG_WARN_INT_CONVERSION = YES;
				CLANG_WARN_NON_LITERAL_NULL_CONVERSION = YES;
				CLANG_WARN_OBJC_IMPLICIT_RETAIN_SELF = YES;
				CLANG_WARN_OBJC_LITERAL_CONVERSION = YES;
				CLANG_WARN_OBJC_ROOT_CLASS = YES_ERROR;
				CLANG_WARN_QUOTED_INCLUDE_IN_FRAMEWORK_HEADER = YES;
				CLANG_WARN_RANGE_LOOP_ANALYSIS = YES;
				CLANG_WARN_STRICT_PROTOTYPES = YES;
				CLANG_WARN_SUSPICIOUS_MOVE = YES;
				CLANG_WARN_UNGUARDED_AVAILABILITY = YES_AGGRESSIVE;
				CLANG_WARN_UNREACHABLE_CODE = YES;
				CLANG_WARN__DUPLICATE_METHOD_MATCH = YES;
				COPY_PHASE_STRIP = NO;
				DEBUG_INFORMATION_FORMAT = "dwarf-with-dsym";
				DEVELOPMENT_TEAM = 3YAFLBZLJM;
				ENABLE_NS_ASSERTIONS = NO;
				ENABLE_STRICT_OBJC_MSGSEND = YES;
				ENABLE_USER_SCRIPT_SANDBOXING = YES;
				GCC_C_LANGUAGE_STANDARD = gnu11;
				GCC_NO_COMMON_BLOCKS = YES;
				GCC_WARN_64_TO_32_BIT_CONVERSION = YES;
				GCC_WARN_ABOUT_RETURN_TYPE = YES_ERROR;
				GCC_WARN_UNDECLARED_SELECTOR = YES;
				GCC_WARN_UNINITIALIZED_AUTOS = YES_AGGRESSIVE;
				GCC_WARN_UNUSED_FUNCTION = YES;
				GCC_WARN_UNUSED_VARIABLE = YES;
				IPHONEOS_DEPLOYMENT_TARGET = 16.2;
				MTL_ENABLE_DEBUG_INFO = NO;
				MTL_FAST_MATH = YES;
				SDKROOT = iphoneos;
				STRING_CATALOG_GENERATE_SYMBOLS = YES;
				SWIFT_COMPILATION_MODE = wholemodule;
				SWIFT_OPTIMIZATION_LEVEL = "-O";
				VALIDATE_PRODUCT = YES;
			};
			name = Release;
		};
		481E3CFF2FEB33F10029580E /* Debug */ = {
			isa = XCBuildConfiguration;
			buildSettings = {
				ASSETCATALOG_COMPILER_APPICON_NAME = AppIcon;
				ASSETCATALOG_COMPILER_GLOBAL_ACCENT_COLOR_NAME = AccentColor;
				ASSETCATALOG_COMPILER_INCLUDE_ALL_APPICON_ASSETS = YES;
				CODE_SIGN_STYLE = Automatic;
				CURRENT_PROJECT_VERSION = 5;
				DEVELOPMENT_ASSET_PATHS = "\"StitchCounter/Preview Content\"";
				DEVELOPMENT_TEAM = 3YAFLBZLJM;
				ENABLE_PREVIEWS = YES;
				GENERATE_INFOPLIST_FILE = YES;
				INFOPLIST_KEY_UIApplicationSceneManifest_Generation = YES;
				INFOPLIST_KEY_UIApplicationSupportsIndirectInputEvents = YES;
				INFOPLIST_KEY_UILaunchScreen_Generation = YES;
				INFOPLIST_KEY_UISupportedInterfaceOrientations_iPad = "UIInterfaceOrientationPortrait UIInterfaceOrientationPortraitUpsideDown UIInterfaceOrientationLandscapeLeft UIInterfaceOrientationLandscapeRight";
				INFOPLIST_KEY_UISupportedInterfaceOrientations_iPhone = "UIInterfaceOrientationPortrait UIInterfaceOrientationLandscapeLeft UIInterfaceOrientationLandscapeRight";
				IPHONEOS_DEPLOYMENT_TARGET = 16.2;
				LD_RUNPATH_SEARCH_PATHS = (
					"$(inherited)",
					"@executable_path/Frameworks",
				);
				MARKETING_VERSION = 1.0;
				PRODUCT_BUNDLE_IDENTIFIER = com.mar.StitchCounter;
				PRODUCT_NAME = "$(TARGET_NAME)";
				SWIFT_EMIT_LOC_STRINGS = YES;
				SWIFT_VERSION = 5.0;
				TARGETED_DEVICE_FAMILY = 1;
			};
			name = Debug;
		};
		481E3D002FEB33F10029580E /* Release */ = {
			isa = XCBuildConfiguration;
			buildSettings = {
				ASSETCATALOG_COMPILER_APPICON_NAME = AppIcon;
				ASSETCATALOG_COMPILER_GLOBAL_ACCENT_COLOR_NAME = AccentColor;
				ASSETCATALOG_COMPILER_INCLUDE_ALL_APPICON_ASSETS = YES;
				CODE_SIGN_STYLE = Automatic;
				CURRENT_PROJECT_VERSION = 5;
				DEVELOPMENT_ASSET_PATHS = "\"StitchCounter/Preview Content\"";
				DEVELOPMENT_TEAM = 3YAFLBZLJM;
				ENABLE_PREVIEWS = YES;
				GENERATE_INFOPLIST_FILE = YES;
				INFOPLIST_KEY_UIApplicationSceneManifest_Generation = YES;
				INFOPLIST_KEY_UIApplicationSupportsIndirectInputEvents = YES;
				INFOPLIST_KEY_UILaunchScreen_Generation = YES;
				INFOPLIST_KEY_UISupportedInterfaceOrientations_iPad = "UIInterfaceOrientationPortrait UIInterfaceOrientationPortraitUpsideDown UIInterfaceOrientationLandscapeLeft UIInterfaceOrientationLandscapeRight";
				INFOPLIST_KEY_UISupportedInterfaceOrientations_iPhone = "UIInterfaceOrientationPortrait UIInterfaceOrientationLandscapeLeft UIInterfaceOrientationLandscapeRight";
				IPHONEOS_DEPLOYMENT_TARGET = 16.2;
				LD_RUNPATH_SEARCH_PATHS = (
					"$(inherited)",
					"@executable_path/Frameworks",
				);
				MARKETING_VERSION = 1.0;
				PRODUCT_BUNDLE_IDENTIFIER = com.mar.StitchCounter;
				PRODUCT_NAME = "$(TARGET_NAME)";
				SWIFT_EMIT_LOC_STRINGS = YES;
				SWIFT_VERSION = 5.0;
				TARGETED_DEVICE_FAMILY = 1;
			};
			name = Release;
		};
		481E3D022FEB33F10029580E /* Debug */ = {
			isa = XCBuildConfiguration;
			buildSettings = {
				BUNDLE_LOADER = "$(TEST_HOST)";
				CODE_SIGN_STYLE = Automatic;
				CURRENT_PROJECT_VERSION = 5;
				GENERATE_INFOPLIST_FILE = YES;
				IPHONEOS_DEPLOYMENT_TARGET = 16.2;
				MARKETING_VERSION = 1.0;
				PRODUCT_BUNDLE_IDENTIFIER = com.mar.StitchCounterTests;
				PRODUCT_NAME = "$(TARGET_NAME)";
				SWIFT_EMIT_LOC_STRINGS = NO;
				SWIFT_VERSION = 5.0;
				TARGETED_DEVICE_FAMILY = 1;
				TEST_HOST = "$(BUILT_PRODUCTS_DIR)/StitchCounter.app/$(BUNDLE_EXECUTABLE_FOLDER_PATH)/StitchCounter";
			};
			name = Debug;
		};
		481E3D032FEB33F10029580E /* Release */ = {
			isa = XCBuildConfiguration;
			buildSettings = {
				BUNDLE_LOADER = "$(TEST_HOST)";
				CODE_SIGN_STYLE = Automatic;
				CURRENT_PROJECT_VERSION = 5;
				GENERATE_INFOPLIST_FILE = YES;
				IPHONEOS_DEPLOYMENT_TARGET = 16.2;
				MARKETING_VERSION = 1.0;
				PRODUCT_BUNDLE_IDENTIFIER = com.mar.StitchCounterTests;
				PRODUCT_NAME = "$(TARGET_NAME)";
				SWIFT_EMIT_LOC_STRINGS = NO;
				SWIFT_VERSION = 5.0;
				TARGETED_DEVICE_FAMILY = 1;
				TEST_HOST = "$(BUILT_PRODUCTS_DIR)/StitchCounter.app/$(BUNDLE_EXECUTABLE_FOLDER_PATH)/StitchCounter";
			};
			name = Release;
		};
		481E3D052FEB33F10029580E /* Debug */ = {
			isa = XCBuildConfiguration;
			buildSettings = {
				CODE_SIGN_STYLE = Automatic;
				CURRENT_PROJECT_VERSION = 5;
				GENERATE_INFOPLIST_FILE = YES;
				MARKETING_VERSION = 1.0;
				PRODUCT_BUNDLE_IDENTIFIER = com.mar.StitchCounterUITests;
				PRODUCT_NAME = "$(TARGET_NAME)";
				SWIFT_EMIT_LOC_STRINGS = NO;
				SWIFT_VERSION = 5.0;
				TARGETED_DEVICE_FAMILY = 1;
				TEST_TARGET_NAME = StitchCounter;
			};
			name = Debug;
		};
		481E3D062FEB33F10029580E /* Release */ = {
			isa = XCBuildConfiguration;
			buildSettings = {
				CODE_SIGN_STYLE = Automatic;
				CURRENT_PROJECT_VERSION = 5;
				GENERATE_INFOPLIST_FILE = YES;
				MARKETING_VERSION = 1.0;
				PRODUCT_BUNDLE_IDENTIFIER = com.mar.StitchCounterUITests;
				PRODUCT_NAME = "$(TARGET_NAME)";
				SWIFT_EMIT_LOC_STRINGS = NO;
				SWIFT_VERSION = 5.0;
				TARGETED_DEVICE_FAMILY = 1;
				TEST_TARGET_NAME = StitchCounter;
			};
			name = Release;
		};
		48E6CF052FEB8853008A3CC6 /* Debug */ = {
			isa = XCBuildConfiguration;
			buildSettings = {
				ASSETCATALOG_COMPILER_APPICON_NAME = AppIcon;
				ASSETCATALOG_COMPILER_GENERATE_SWIFT_ASSET_SYMBOL_EXTENSIONS = YES;
				ASSETCATALOG_COMPILER_GLOBAL_ACCENT_COLOR_NAME = AccentColor;
				CODE_SIGN_STYLE = Automatic;
				CURRENT_PROJECT_VERSION = 5;
				ENABLE_PREVIEWS = YES;
				GCC_C_LANGUAGE_STANDARD = gnu17;
				GENERATE_INFOPLIST_FILE = YES;
				INFOPLIST_KEY_CFBundleDisplayName = StitchCounter;
				INFOPLIST_KEY_UISupportedInterfaceOrientations = "UIInterfaceOrientationPortrait UIInterfaceOrientationPortraitUpsideDown";
				INFOPLIST_KEY_WKApplication = YES;
				INFOPLIST_KEY_WKCompanionAppBundleIdentifier = com.mar.StitchCounter;
				INFOPLIST_KEY_WKRunsIndependentlyOfCompanionApp = NO;
				LD_RUNPATH_SEARCH_PATHS = (
					"$(inherited)",
					"@executable_path/Frameworks",
				);
				LOCALIZATION_PREFERS_STRING_CATALOGS = YES;
				MARKETING_VERSION = 1.0;
				PRODUCT_BUNDLE_IDENTIFIER = com.mar.StitchCounter.watchkitapp;
				PRODUCT_NAME = "$(TARGET_NAME)";
				SDKROOT = watchos;
				SKIP_INSTALL = YES;
				STRING_CATALOG_GENERATE_SYMBOLS = YES;
				SWIFT_ACTIVE_COMPILATION_CONDITIONS = "DEBUG $(inherited)";
				SWIFT_APPROACHABLE_CONCURRENCY = YES;
				SWIFT_DEFAULT_ACTOR_ISOLATION = MainActor;
				SWIFT_EMIT_LOC_STRINGS = YES;
				SWIFT_UPCOMING_FEATURE_MEMBER_IMPORT_VISIBILITY = YES;
				SWIFT_VERSION = 5.0;
				TARGETED_DEVICE_FAMILY = 4;
				WATCHOS_DEPLOYMENT_TARGET = 9.0;
			};
			name = Debug;
		};
		48E6CF062FEB8853008A3CC6 /* Release */ = {
			isa = XCBuildConfiguration;
			buildSettings = {
				ASSETCATALOG_COMPILER_APPICON_NAME = AppIcon;
				ASSETCATALOG_COMPILER_GENERATE_SWIFT_ASSET_SYMBOL_EXTENSIONS = YES;
				ASSETCATALOG_COMPILER_GLOBAL_ACCENT_COLOR_NAME = AccentColor;
				CODE_SIGN_STYLE = Automatic;
				CURRENT_PROJECT_VERSION = 5;
				ENABLE_PREVIEWS = YES;
				GCC_C_LANGUAGE_STANDARD = gnu17;
				GENERATE_INFOPLIST_FILE = YES;
				INFOPLIST_KEY_CFBundleDisplayName = StitchCounter;
				INFOPLIST_KEY_UISupportedInterfaceOrientations = "UIInterfaceOrientationPortrait UIInterfaceOrientationPortraitUpsideDown";
				INFOPLIST_KEY_WKApplication = YES;
				INFOPLIST_KEY_WKCompanionAppBundleIdentifier = com.mar.StitchCounter;
				INFOPLIST_KEY_WKRunsIndependentlyOfCompanionApp = NO;
				LD_RUNPATH_SEARCH_PATHS = (
					"$(inherited)",
					"@executable_path/Frameworks",
				);
				LOCALIZATION_PREFERS_STRING_CATALOGS = YES;
				MARKETING_VERSION = 1.0;
				PRODUCT_BUNDLE_IDENTIFIER = com.mar.StitchCounter.watchkitapp;
				PRODUCT_NAME = "$(TARGET_NAME)";
				SDKROOT = watchos;
				SKIP_INSTALL = YES;
				STRING_CATALOG_GENERATE_SYMBOLS = YES;
				SWIFT_APPROACHABLE_CONCURRENCY = YES;
				SWIFT_DEFAULT_ACTOR_ISOLATION = MainActor;
				SWIFT_EMIT_LOC_STRINGS = YES;
				SWIFT_UPCOMING_FEATURE_MEMBER_IMPORT_VISIBILITY = YES;
				SWIFT_VERSION = 5.0;
				TARGETED_DEVICE_FAMILY = 4;
				WATCHOS_DEPLOYMENT_TARGET = 9.0;
			};
			name = Release;
		};
/* End XCBuildConfiguration section */

/* Begin XCConfigurationList section */
		481E3CD52FEB33EE0029580E /* Build configuration list for PBXProject "StitchCounter" */ = {
			isa = XCConfigurationList;
			buildConfigurations = (
				481E3CFC2FEB33F10029580E /* Debug */,
				481E3CFD2FEB33F10029580E /* Release */,
			);
			defaultConfigurationIsVisible = 0;
			defaultConfigurationName = Release;
		};
		481E3CFE2FEB33F10029580E /* Build configuration list for PBXNativeTarget "StitchCounter" */ = {
			isa = XCConfigurationList;
			buildConfigurations = (
				481E3CFF2FEB33F10029580E /* Debug */,
				481E3D002FEB33F10029580E /* Release */,
			);
			defaultConfigurationIsVisible = 0;
			defaultConfigurationName = Release;
		};
		481E3D012FEB33F10029580E /* Build configuration list for PBXNativeTarget "StitchCounterTests" */ = {
			isa = XCConfigurationList;
			buildConfigurations = (
				481E3D022FEB33F10029580E /* Debug */,
				481E3D032FEB33F10029580E /* Release */,
			);
			defaultConfigurationIsVisible = 0;
			defaultConfigurationName = Release;
		};
		481E3D042FEB33F10029580E /* Build configuration list for PBXNativeTarget "StitchCounterUITests" */ = {
			isa = XCConfigurationList;
			buildConfigurations = (
				481E3D052FEB33F10029580E /* Debug */,
				481E3D062FEB33F10029580E /* Release */,
			);
			defaultConfigurationIsVisible = 0;
			defaultConfigurationName = Release;
		};
		48E6CF042FEB8853008A3CC6 /* Build configuration list for PBXNativeTarget "StitchCounterWatchApp" */ = {
			isa = XCConfigurationList;
			buildConfigurations = (
				48E6CF052FEB8853008A3CC6 /* Debug */,
				48E6CF062FEB8853008A3CC6 /* Release */,
			);
			defaultConfigurationIsVisible = 0;
			defaultConfigurationName = Release;
		};
/* End XCConfigurationList section */
	};
	rootObject = 481E3CD22FEB33EE0029580E /* Project object */;
}
